// !$*UTF8*$!
{
	archiveVersion = 1;
	classes = {
	};
	objectVersion = 50;
	objects = {

/* Begin PBXBuildFile section */
		A7362947243746E700603ABB /* AppDelegate.swift in Sources */ = {isa = PBXBuildFile; fileRef = A7362946243746E700603ABB /* AppDelegate.swift */; };
		A7362949243746E700603ABB /* SceneDelegate.swift in Sources */ = {isa = PBXBuildFile; fileRef = A7362948243746E700603ABB /* SceneDelegate.swift */; };
		A736294B243746E700603ABB /* ViewController.swift in Sources */ = {isa = PBXBuildFile; fileRef = A736294A243746E700603ABB /* ViewController.swift */; };
		A736294E243746E700603ABB /* Main.storyboard in Resources */ = {isa = PBXBuildFile; fileRef = A736294C243746E700603ABB /* Main.storyboard */; };
		A7362950243746E800603ABB /* Assets.xcassets in Resources */ = {isa = PBXBuildFile; fileRef = A736294F243746E800603ABB /* Assets.xcassets */; };
		A7362953243746E800603ABB /* LaunchScreen.storyboard in Resources */ = {isa = PBXBuildFile; fileRef = A7362951243746E800603ABB /* LaunchScreen.storyboard */; };
		A7C6175624374D6100319DB4 /* DiceView.swift in Sources */ = {isa = PBXBuildFile; fileRef = A7C6175524374D6100319DB4 /* DiceView.swift */; };
		A7C61758243754E300319DB4 /* DiceHeader.swift in Sources */ = {isa = PBXBuildFile; fileRef = A7C61757243754E300319DB4 /* DiceHeader.swift */; };
		A7C6175A24375EDD00319DB4 /* DiceCalculator.swift in Sources */ = {isa = PBXBuildFile; fileRef = A7C6175924375EDD00319DB4 /* DiceCalculator.swift */; };
		A7C61762243761D100319DB4 /* MahjongDiceTests.swift in Sources */ = {isa = PBXBuildFile; fileRef = A7C61761243761D100319DB4 /* MahjongDiceTests.swift */; };
/* End PBXBuildFile section */

/* Begin PBXContainerItemProxy section */
		A7C61764243761D100319DB4 /* PBXContainerItemProxy */ = {
			isa = PBXContainerItemProxy;
			containerPortal = A736293B243746E700603ABB /* Project object */;
			proxyType = 1;
			remoteGlobalIDString = A7362942243746E700603ABB;
			remoteInfo = MahjongDice;
		};
/* End PBXContainerItemProxy section */

/* Begin PBXFileReference section */
		A7362943243746E700603ABB /* MahjongDice.app */ = {isa = PBXFileReference; explicitFileType = wrapper.application; includeInIndex = 0; path = MahjongDice.app; sourceTree = BUILT_PRODUCTS_DIR; };
		A7362946243746E700603ABB /* AppDelegate.swift */ = {isa = PBXFileReference; lastKnownFileType = sourcecode.swift; path = AppDelegate.swift; sourceTree = "<group>"; };
		A7362948243746E700603ABB /* SceneDelegate.swift */ = {isa = PBXFileReference; lastKnownFileType = sourcecode.swift; path = SceneDelegate.swift; sourceTree = "<group>"; };
		A736294A243746E700603ABB /* ViewController.swift */ = {isa = PBXFileReference; lastKnownFileType = sourcecode.swift; path = ViewController.swift; sourceTree = "<group>"; };
		A736294D243746E700603ABB /* Base */ = {isa = PBXFileReference; lastKnownFileType = file.storyboard; name = Base; path = Base.lproj/Main.storyboard; sourceTree = "<group>"; };
		A736294F243746E800603ABB /* Assets.xcassets */ = {isa = PBXFileReference; lastKnownFileType = folder.assetcatalog; path = Assets.xcassets; sourceTree = "<group>"; };
		A7362952243746E800603ABB /* Base */ = {isa = PBXFileReference; lastKnownFileType = file.storyboard; name = Base; path = Base.lproj/LaunchScreen.storyboard; sourceTree = "<group>"; };
		A7362954243746E800603ABB /* Info.plist */ = {isa = PBXFileReference; lastKnownFileType = text.plist.xml; path = Info.plist; sourceTree = "<group>"; };
		A7C6175524374D6100319DB4 /* DiceView.swift */ = {isa = PBXFileReference; lastKnownFileType = sourcecode.swift; path = DiceView.swift; sourceTree = "<group>"; };
		A7C61757243754E300319DB4 /* DiceHeader.swift */ = {isa = PBXFileReference; lastKnownFileType = sourcecode.swift; path = DiceHeader.swift; sourceTree = "<group>"; };
		A7C6175924375EDD00319DB4 /* DiceCalculator.swift */ = {isa = PBXFileReference; lastKnownFileType = sourcecode.swift; path = DiceCalculator.swift; sourceTree = "<group>"; };
		A7C6175F243761D100319DB4 /* MahjongDiceTests.xctest */ = {isa = PBXFileReference; explicitFileType = wrapper.cfbundle; includeInIndex = 0; path = MahjongDiceTests.xctest; sourceTree = BUILT_PRODUCTS_DIR; };
		A7C61761243761D100319DB4 /* MahjongDiceTests.swift */ = {isa = PBXFileReference; lastKnownFileType = sourcecode.swift; path = MahjongDiceTests.swift; sourceTree = "<group>"; };
		A7C61763243761D100319DB4 /* Info.plist */ = {isa = PBXFileReference; lastKnownFileType = text.plist.xml; path = Info.plist; sourceTree = "<group>"; };
/* End PBXFileReference section */

/* Begin PBXFrameworksBuildPhase section */
		A7362940243746E700603ABB /* Frameworks */ = {
			isa = PBXFrameworksBuildPhase;
			buildActionMask = 2147483647;
			files = (
			);
			runOnlyForDeploymentPostprocessing = 0;
		};
		A7C6175C243761D100319DB4 /* Frameworks */ = {
			isa = PBXFrameworksBuildPhase;
			buildActionMask = 2147483647;
			files = (
			);
			runOnlyForDeploymentPostprocessing = 0;
		};
/* End PBXFrameworksBuildPhase section */

/* Begin PBXGroup section */
		A736293A243746E700603ABB = {
			isa = PBXGroup;
			children = (
				A7362945243746E700603ABB /* MahjongDice */,
				A7C61760243761D100319DB4 /* MahjongDiceTests */,
				A7362944243746E700603ABB /* Products */,
			);
			sourceTree = "<group>";
		};
		A7362944243746E700603ABB /* Products */ = {
			isa = PBXGroup;
			children = (
				A7362943243746E700603ABB /* MahjongDice.app */,
				A7C6175F243761D100319DB4 /* MahjongDiceTests.xctest */,
			);
			name = Products;
			sourceTree = "<group>";
		};
		A7362945243746E700603ABB /* MahjongDice */ = {
			isa = PBXGroup;
			children = (
				A7362946243746E700603ABB /* AppDelegate.swift */,
				A7362948243746E700603ABB /* SceneDelegate.swift */,
				A736294A243746E700603ABB /* ViewController.swift */,
				A7C6175924375EDD00319DB4 /* DiceCalculator.swift */,
				A736294C243746E700603ABB /* Main.storyboard */,
				A7C61736243748E600319DB4 /* resource */,
				A7C6175424374D4900319DB4 /* CustomView */,
				A736294F243746E800603ABB /* Assets.xcassets */,
				A7362951243746E800603ABB /* LaunchScreen.storyboard */,
				A7362954243746E800603ABB /* Info.plist */,
			);
			path = MahjongDice;
			sourceTree = "<group>";
		};
		A7C61736243748E600319DB4 /* resource */ = {
			isa = PBXGroup;
			children = (
				A7C61757243754E300319DB4 /* DiceHeader.swift */,
			);
			path = resource;
			sourceTree = "<group>";
		};
		A7C6175424374D4900319DB4 /* CustomView */ = {
			isa = PBXGroup;
			children = (
				A7C6175524374D6100319DB4 /* DiceView.swift */,
			);
			path = CustomView;
			sourceTree = "<group>";
		};
		A7C61760243761D100319DB4 /* MahjongDiceTests */ = {
			isa = PBXGroup;
			children = (
				A7C61761243761D100319DB4 /* MahjongDiceTests.swift */,
				A7C61763243761D100319DB4 /* Info.plist */,
			);
			path = MahjongDiceTests;
			sourceTree = "<group>";
		};
/* End PBXGroup section */

/* Begin PBXNativeTarget section */
		A7362942243746E700603ABB /* MahjongDice */ = {
			isa = PBXNativeTarget;
			buildConfigurationList = A7362962243746E800603ABB /* Build configuration list for PBXNativeTarget "MahjongDice" */;
			buildPhases = (
				A736293F243746E700603ABB /* Sources */,
				A7362940243746E700603ABB /* Frameworks */,
				A7362941243746E700603ABB /* Resources */,
			);
			buildRules = (
			);
			dependencies = (
			);
			name = MahjongDice;
			packageProductDependencies = (
			);
			productName = MahjongDice;
			productReference = A7362943243746E700603ABB /* MahjongDice.app */;
			productType = "com.apple.product-type.application";
		};
		A7C6175E243761D100319DB4 /* MahjongDiceTests */ = {
			isa = PBXNativeTarget;
			buildConfigurationList = A7C61766243761D100319DB4 /* Build configuration list for PBXNativeTarget "MahjongDiceTests" */;
			buildPhases = (
				A7C6175B243761D100319DB4 /* Sources */,
				A7C6175C243761D100319DB4 /* Frameworks */,
				A7C6175D243761D100319DB4 /* Resources */,
			);
			buildRules = (
			);
			dependencies = (
				A7C61765243761D100319DB4 /* PBXTargetDependency */,
			);
			name = MahjongDiceTests;
			productName = MahjongDiceTests;
			productReference = A7C6175F243761D100319DB4 /* MahjongDiceTests.xctest */;
			productType = "com.apple.product-type.bundle.unit-test";
		};
/* End PBXNativeTarget section */

/* Begin PBXProject section */
		A736293B243746E700603ABB /* Project object */ = {
			isa = PBXProject;
			attributes = {
				LastSwiftUpdateCheck = 1140;
				LastUpgradeCheck = 1140;
				ORGANIZATIONNAME = "游宗諭";
				TargetAttributes = {
					A7362942243746E700603ABB = {
						CreatedOnToolsVersion = 11.4;
					};
					A7C6175E243761D100319DB4 = {
						CreatedOnToolsVersion = 11.4;
						TestTargetID = A7362942243746E700603ABB;
					};
				};
			};
			buildConfigurationList = A736293E243746E700603ABB /* Build configuration list for PBXProject "MahjongDice" */;
			compatibilityVersion = "Xcode 9.3";
			developmentRegion = en;
			hasScannedForEncodings = 0;
			knownRegions = (
				en,
				Base,
			);
			mainGroup = A736293A243746E700603ABB;
			packageReferences = (
			);
			productRefGroup = A7362944243746E700603ABB /* Products */;
			projectDirPath = "";
			projectRoot = "";
			targets = (
				A7362942243746E700603ABB /* MahjongDice */,
				A7C6175E243761D100319DB4 /* MahjongDiceTests */,
			);
		};
/* End PBXProject section */

/* Begin PBXResourcesBuildPhase section */
		A7362941243746E700603ABB /* Resources */ = {
			isa = PBXResourcesBuildPhase;
			buildActionMask = 2147483647;
			files = (
				A7362953243746E800603ABB /* LaunchScreen.storyboard in Resources */,
				A7362950243746E800603ABB /* Assets.xcassets in Resources */,
				A736294E243746E700603ABB /* Main.storyboard in Resources */,
			);
			runOnlyForDeploymentPostprocessing = 0;
		};
		A7C6175D243761D100319DB4 /* Resources */ = {
			isa = PBXResourcesBuildPhase;
			buildActionMask = 2147483647;
			files = (
			);
			runOnlyForDeploymentPostprocessing = 0;
		};
/* End PBXResourcesBuildPhase section */

/* Begin PBXSourcesBuildPhase section */
		A736293F243746E700603ABB /* Sources */ = {
			isa = PBXSourcesBuildPhase;
			buildActionMask = 2147483647;
			files = (
				A7C61758243754E300319DB4 /* DiceHeader.swift in Sources */,
				A7C6175624374D6100319DB4 /* DiceView.swift in Sources */,
				A736294B243746E700603ABB /* ViewController.swift in Sources */,
				A7362947243746E700603ABB /* AppDelegate.swift in Sources */,
				A7C6175A24375EDD00319DB4 /* DiceCalculator.swift in Sources */,
				A7362949243746E700603ABB /* SceneDelegate.swift in Sources */,
			);
			runOnlyForDeploymentPostprocessing = 0;
		};
		A7C6175B243761D100319DB4 /* Sources */ = {
			isa = PBXSourcesBuildPhase;
			buildActionMask = 2147483647;
			files = (
				A7C61762243761D100319DB4 /* MahjongDiceTests.swift in Sources */,
			);
			runOnlyForDeploymentPostprocessing = 0;
		};
/* End PBXSourcesBuildPhase section */

/* Begin PBXTargetDependency section */
		A7C61765243761D100319DB4 /* PBXTargetDependency */ = {
			isa = PBXTargetDependency;
			target = A7362942243746E700603ABB /* MahjongDice */;
			targetProxy = A7C61764243761D100319DB4 /* PBXContainerItemProxy */;
		};
/* End PBXTargetDependency section */

/* Begin PBXVariantGroup section */
		A736294C243746E700603ABB /* Main.storyboard */ = {
			isa = PBXVariantGroup;
			children = (
				A736294D243746E700603ABB /* Base */,
			);
			name = Main.storyboard;
			sourceTree = "<group>";
		};
		A7362951243746E800603ABB /* LaunchScreen.storyboard */ = {
			isa = PBXVariantGroup;
			children = (
				A7362952243746E800603ABB /* Base */,
			);
			name = LaunchScreen.storyboard;
			sourceTree = "<group>";
		};
/* End PBXVariantGroup section */

/* Begin XCBuildConfiguration section */
		A7362960243746E800603ABB /* Debug */ = {
			isa = XCBuildConfiguration;
			buildSettings = {
				ALWAYS_SEARCH_USER_PATHS = NO;
				CLANG_ANALYZER_NONNULL = YES;
				CLANG_ANALYZER_NUMBER_OBJECT_CONVERSION = YES_AGGRESSIVE;
				CLANG_CXX_LANGUAGE_STANDARD = "gnu++14";
				CLANG_CXX_LIBRARY = "libc++";
				CLANG_ENABLE_MODULES = YES;
				CLANG_ENABLE_OBJC_ARC = YES;
				CLANG_ENABLE_OBJC_WEAK = YES;
				CLANG_WARN_BLOCK_CAPTURE_AUTORELEASING = YES;
				CLANG_WARN_BOOL_CONVERSION = YES;
				CLANG_WARN_COMMA = YES;
				CLANG_WARN_CONSTANT_CONVERSION = YES;
				CLANG_WARN_DEPRECATED_OBJC_IMPLEMENTATIONS = YES;
				CLANG_WARN_DIRECT_OBJC_ISA_USAGE = YES_ERROR;
				CLANG_WARN_DOCUMENTATION_COMMENTS = YES;
				CLANG_WARN_EMPTY_BODY = YES;
				CLANG_WARN_ENUM_CONVERSION = YES;
				CLANG_WARN_INFINITE_RECURSION = YES;
				CLANG_WARN_INT_CONVERSION = YES;
				CLANG_WARN_NON_LITERAL_NULL_CONVERSION = YES;
				CLANG_WARN_OBJC_IMPLICIT_RETAIN_SELF = YES;
				CLANG_WARN_OBJC_LITERAL_CONVERSION = YES;
				CLANG_WARN_OBJC_ROOT_CLASS = YES_ERROR;
				CLANG_WARN_RANGE_LOOP_ANALYSIS = YES;
				CLANG_WARN_STRICT_PROTOTYPES = YES;
				CLANG_WARN_SUSPICIOUS_MOVE = YES;
				CLANG_WARN_UNGUARDED_AVAILABILITY = YES_AGGRESSIVE;
				CLANG_WARN_UNREACHABLE_CODE = YES;
				CLANG_WARN__DUPLICATE_METHOD_MATCH = YES;
				COPY_PHASE_STRIP = NO;
				DEBUG_INFORMATION_FORMAT = dwarf;
				ENABLE_STRICT_OBJC_MSGSEND = YES;
				ENABLE_TESTABILITY = YES;
				GCC_C_LANGUAGE_STANDARD = gnu11;
				GCC_DYNAMIC_NO_PIC = NO;
				GCC_NO_COMMON_BLOCKS = YES;
				GCC_OPTIMIZATION_LEVEL = 0;
				GCC_PREPROCESSOR_DEFINITIONS = (
					"DEBUG=1",
					"$(inherited)",
				);
				GCC_WARN_64_TO_32_BIT_CONVERSION = YES;
				GCC_WARN_ABOUT_RETURN_TYPE = YES_ERROR;
				GCC_WARN_UNDECLARED_SELECTOR = YES;
				GCC_WARN_UNINITIALIZED_AUTOS = YES_AGGRESSIVE;
				GCC_WARN_UNUSED_FUNCTION = YES;
				GCC_WARN_UNUSED_VARIABLE = YES;
				IPHONEOS_DEPLOYMENT_TARGET = 13.4;
				MTL_ENABLE_DEBUG_INFO = INCLUDE_SOURCE;
				MTL_FAST_MATH = YES;
				ONLY_ACTIVE_ARCH = YES;
				SDKROOT = iphoneos;
				SWIFT_ACTIVE_COMPILATION_CONDITIONS = DEBUG;
				SWIFT_OPTIMIZATION_LEVEL = "-Onone";
			};
			name = Debug;
		};
		A7362961243746E800603ABB /* Release */ = {
			isa = XCBuildConfiguration;
			buildSettings = {
				ALWAYS_SEARCH_USER_PATHS = NO;
				CLANG_ANALYZER_NONNULL = YES;
				CLANG_ANALYZER_NUMBER_OBJECT_CONVERSION = YES_AGGRESSIVE;
				CLANG_CXX_LANGUAGE_STANDARD = "gnu++14";
				CLANG_CXX_LIBRARY = "libc++";
				CLANG_ENABLE_MODULES = YES;
				CLANG_ENABLE_OBJC_ARC = YES;
				CLANG_ENABLE_OBJC_WEAK = YES;
				CLANG_WARN_BLOCK_CAPTURE_AUTORELEASING = YES;
				CLANG_WARN_BOOL_CONVERSION = YES;
				CLANG_WARN_COMMA = YES;
				CLANG_WARN_CONSTANT_CONVERSION = YES;
				CLANG_WARN_DEPRECATED_OBJC_IMPLEMENTATIONS = YES;
				CLANG_WARN_DIRECT_OBJC_ISA_USAGE = YES_ERROR;
				CLANG_WARN_DOCUMENTATION_COMMENTS = YES;
				CLANG_WARN_EMPTY_BODY = YES;
				CLANG_WARN_ENUM_CONVERSION = YES;
				CLANG_WARN_INFINITE_RECURSION = YES;
				CLANG_WARN_INT_CONVERSION = YES;
				CLANG_WARN_NON_LITERAL_NULL_CONVERSION = YES;
				CLANG_WARN_OBJC_IMPLICIT_RETAIN_SELF = YES;
				CLANG_WARN_OBJC_LITERAL_CONVERSION = YES;
				CLANG_WARN_OBJC_ROOT_CLASS = YES_ERROR;
				CLANG_WARN_RANGE_LOOP_ANALYSIS = YES;
				CLANG_WARN_STRICT_PROTOTYPES = YES;
				CLANG_WARN_SUSPICIOUS_MOVE = YES;
				CLANG_WARN_UNGUARDED_AVAILABILITY = YES_AGGRESSIVE;
				CLANG_WARN_UNREACHABLE_CODE = YES;
				CLANG_WARN__DUPLICATE_METHOD_MATCH = YES;
				COPY_PHASE_STRIP = NO;
				DEBUG_INFORMATION_FORMAT = "dwarf-with-dsym";
				ENABLE_NS_ASSERTIONS = NO;
				ENABLE_STRICT_OBJC_MSGSEND = YES;
				GCC_C_LANGUAGE_STANDARD = gnu11;
				GCC_NO_COMMON_BLOCKS = YES;
				GCC_WARN_64_TO_32_BIT_CONVERSION = YES;
				GCC_WARN_ABOUT_RETURN_TYPE = YES_ERROR;
				GCC_WARN_UNDECLARED_SELECTOR = YES;
				GCC_WARN_UNINITIALIZED_AUTOS = YES_AGGRESSIVE;
				GCC_WARN_UNUSED_FUNCTION = YES;
				GCC_WARN_UNUSED_VARIABLE = YES;
				IPHONEOS_DEPLOYMENT_TARGET = 13.4;
				MTL_ENABLE_DEBUG_INFO = NO;
				MTL_FAST_MATH = YES;
				SDKROOT = iphoneos;
				SWIFT_COMPILATION_MODE = wholemodule;
				SWIFT_OPTIMIZATION_LEVEL = "-O";
				VALIDATE_PRODUCT = YES;
			};
			name = Release;
		};
		A7362963243746E800603ABB /* Debug */ = {
			isa = XCBuildConfiguration;
			buildSettings = {
				ASSETCATALOG_COMPILER_APPICON_NAME = AppIcon;
				CODE_SIGN_STYLE = Automatic;
				DEVELOPMENT_TEAM = 3AMPL46LPV;
				INFOPLIST_FILE = MahjongDice/Info.plist;
				LD_RUNPATH_SEARCH_PATHS = (
					"$(inherited)",
					"@executable_path/Frameworks",
				);
				PRODUCT_BUNDLE_IDENTIFIER = com.ytyubox.MahjongDice;
				PRODUCT_NAME = "$(TARGET_NAME)";
				SWIFT_VERSION = 5.0;
				TARGETED_DEVICE_FAMILY = "1,2";
			};
			name = Debug;
		};
		A7362964243746E800603ABB /* Release */ = {
			isa = XCBuildConfiguration;
			buildSettings = {
				ASSETCATALOG_COMPILER_APPICON_NAME = AppIcon;
				CODE_SIGN_STYLE = Automatic;
				DEVELOPMENT_TEAM = 3AMPL46LPV;
				INFOPLIST_FILE = MahjongDice/Info.plist;
				LD_RUNPATH_SEARCH_PATHS = (
					"$(inherited)",
					"@executable_path/Frameworks",
				);
				PRODUCT_BUNDLE_IDENTIFIER = com.ytyubox.MahjongDice;
				PRODUCT_NAME = "$(TARGET_NAME)";
				SWIFT_VERSION = 5.0;
				TARGETED_DEVICE_FAMILY = "1,2";
			};
			name = Release;
		};
		A7C61767243761D100319DB4 /* Debug */ = {
			isa = XCBuildConfiguration;
			buildSettings = {
				BUNDLE_LOADER = "$(TEST_HOST)";
				CODE_SIGN_STYLE = Automatic;
				DEVELOPMENT_TEAM = 3AMPL46LPV;
				INFOPLIST_FILE = MahjongDiceTests/Info.plist;
				LD_RUNPATH_SEARCH_PATHS = (
					"$(inherited)",
					"@executable_path/Frameworks",
					"@loader_path/Frameworks",
				);
				PRODUCT_BUNDLE_IDENTIFIER = com.ytyubox.MahjongDiceTests;
				PRODUCT_NAME = "$(TARGET_NAME)";
				SWIFT_VERSION = 5.0;
				TARGETED_DEVICE_FAMILY = "1,2";
				TEST_HOST = "$(BUILT_PRODUCTS_DIR)/MahjongDice.app/MahjongDice";
			};
			name = Debug;
		};
		A7C61768243761D100319DB4 /* Release */ = {
			isa = XCBuildConfiguration;
			buildSettings = {
				BUNDLE_LOADER = "$(TEST_HOST)";
				CODE_SIGN_STYLE = Automatic;
				DEVELOPMENT_TEAM = 3AMPL46LPV;
				INFOPLIST_FILE = MahjongDiceTests/Info.plist;
				LD_RUNPATH_SEARCH_PATHS = (
					"$(inherited)",
					"@executable_path/Frameworks",
					"@loader_path/Frameworks",
				);
				PRODUCT_BUNDLE_IDENTIFIER = com.ytyubox.MahjongDiceTests;
				PRODUCT_NAME = "$(TARGET_NAME)";
				SWIFT_VERSION = 5.0;
				TARGETED_DEVICE_FAMILY = "1,2";
				TEST_HOST = "$(BUILT_PRODUCTS_DIR)/MahjongDice.app/MahjongDice";
			};
			name = Release;
		};
/* End XCBuildConfiguration section */

/* Begin XCConfigurationList section */
		A736293E243746E700603ABB /* Build configuration list for PBXProject "MahjongDice" */ = {
			isa = XCConfigurationList;
			buildConfigurations = (
				A7362960243746E800603ABB /* Debug */,
				A7362961243746E800603ABB /* Release */,
			);
			defaultConfigurationIsVisible = 0;
			defaultConfigurationName = Release;
		};
		A7362962243746E800603ABB /* Build configuration list for PBXNativeTarget "MahjongDice" */ = {
			isa = XCConfigurationList;
			buildConfigurations = (
				A7362963243746E800603ABB /* Debug */,
				A7362964243746E800603ABB /* Release */,
			);
			defaultConfigurationIsVisible = 0;
			defaultConfigurationName = Release;
		};
		A7C61766243761D100319DB4 /* Build configuration list for PBXNativeTarget "MahjongDiceTests" */ = {
			isa = XCConfigurationList;
			buildConfigurations = (
				A7C61767243761D100319DB4 /* Debug */,
				A7C61768243761D100319DB4 /* Release */,
			);
			defaultConfigurationIsVisible = 0;
			defaultConfigurationName = Release;
		};
/* End XCConfigurationList section */
	};
	rootObject = A736293B243746E700603ABB /* Project object */;
}
